// !$*UTF8*$!
{
	archiveVersion = 1;
	classes = {
	};
	objectVersion = 46;
	objects = {

/* Begin PBXBuildFile section */
		079833E219BD51AF0000DED9 /* Foundation.framework in Frameworks */ = {isa = PBXBuildFile; fileRef = 079833E119BD51AF0000DED9 /* Foundation.framework */; };
		079833E419BD51AF0000DED9 /* CoreGraphics.framework in Frameworks */ = {isa = PBXBuildFile; fileRef = 079833E319BD51AF0000DED9 /* CoreGraphics.framework */; };
		079833E619BD51AF0000DED9 /* UIKit.framework in Frameworks */ = {isa = PBXBuildFile; fileRef = 079833E519BD51AF0000DED9 /* UIKit.framework */; };
		079833EC19BD51AF0000DED9 /* InfoPlist.strings in Resources */ = {isa = PBXBuildFile; fileRef = 079833EA19BD51AF0000DED9 /* InfoPlist.strings */; };
		079833EE19BD51AF0000DED9 /* main.m in Sources */ = {isa = PBXBuildFile; fileRef = 079833ED19BD51AF0000DED9 /* main.m */; };
		079833F219BD51AF0000DED9 /* NTAppDelegate.m in Sources */ = {isa = PBXBuildFile; fileRef = 079833F119BD51AF0000DED9 /* NTAppDelegate.m */; };
		079833F519BD51AF0000DED9 /* Main.storyboard in Resources */ = {isa = PBXBuildFile; fileRef = 079833F319BD51AF0000DED9 /* Main.storyboard */; };
		079833F819BD51AF0000DED9 /* NTViewController.m in Sources */ = {isa = PBXBuildFile; fileRef = 079833F719BD51AF0000DED9 /* NTViewController.m */; };
		079833FA19BD51AF0000DED9 /* Images.xcassets in Resources */ = {isa = PBXBuildFile; fileRef = 079833F919BD51AF0000DED9 /* Images.xcassets */; };
		0798340119BD51AF0000DED9 /* XCTest.framework in Frameworks */ = {isa = PBXBuildFile; fileRef = 0798340019BD51AF0000DED9 /* XCTest.framework */; };
		0798340219BD51AF0000DED9 /* Foundation.framework in Frameworks */ = {isa = PBXBuildFile; fileRef = 079833E119BD51AF0000DED9 /* Foundation.framework */; };
		0798340319BD51AF0000DED9 /* UIKit.framework in Frameworks */ = {isa = PBXBuildFile; fileRef = 079833E519BD51AF0000DED9 /* UIKit.framework */; };
		0798340B19BD51AF0000DED9 /* InfoPlist.strings in Resources */ = {isa = PBXBuildFile; fileRef = 0798340919BD51AF0000DED9 /* InfoPlist.strings */; };
		0798340D19BD51AF0000DED9 /* OnseiTests.m in Sources */ = {isa = PBXBuildFile; fileRef = 0798340C19BD51AF0000DED9 /* OnseiTests.m */; };
		0798341719BD553C0000DED9 /* File.txt in Resources */ = {isa = PBXBuildFile; fileRef = 0798341619BD553C0000DED9 /* File.txt */; };
/* End PBXBuildFile section */

/* Begin PBXContainerItemProxy section */
		0798340419BD51AF0000DED9 /* PBXContainerItemProxy */ = {
			isa = PBXContainerItemProxy;
			containerPortal = 079833D619BD51AE0000DED9 /* Project object */;
			proxyType = 1;
			remoteGlobalIDString = 079833DD19BD51AE0000DED9;
			remoteInfo = Onsei;
		};
/* End PBXContainerItemProxy section */

/* Begin PBXFileReference section */
		079833DE19BD51AF0000DED9 /* Onsei.app */ = {isa = PBXFileReference; explicitFileType = wrapper.application; includeInIndex = 0; path = Onsei.app; sourceTree = BUILT_PRODUCTS_DIR; };
		079833E119BD51AF0000DED9 /* Foundation.framework */ = {isa = PBXFileReference; lastKnownFileType = wrapper.framework; name = Foundation.framework; path = System/Library/Frameworks/Foundation.framework; sourceTree = SDKROOT; };
		079833E319BD51AF0000DED9 /* CoreGraphics.framework */ = {isa = PBXFileReference; lastKnownFileType = wrapper.framework; name = CoreGraphics.framework; path = System/Library/Frameworks/CoreGraphics.framework; sourceTree = SDKROOT; };
		079833E519BD51AF0000DED9 /* UIKit.framework */ = {isa = PBXFileReference; lastKnownFileType = wrapper.framework; name = UIKit.framework; path = System/Library/Frameworks/UIKit.framework; sourceTree = SDKROOT; };
		079833E919BD51AF0000DED9 /* Onsei-Info.plist */ = {isa = PBXFileReference; lastKnownFileType = text.plist.xml; path = "Onsei-Info.plist"; sourceTree = "<group>"; };
		079833EB19BD51AF0000DED9 /* en */ = {isa = PBXFileReference; lastKnownFileType = text.plist.strings; name = en; path = en.lproj/InfoPlist.strings; sourceTree = "<group>"; };
		079833ED19BD51AF0000DED9 /* main.m */ = {isa = PBXFileReference; lastKnownFileType = sourcecode.c.objc; path = main.m; sourceTree = "<group>"; };
		079833EF19BD51AF0000DED9 /* Onsei-Prefix.pch */ = {isa = PBXFileReference; lastKnownFileType = sourcecode.c.h; path = "Onsei-Prefix.pch"; sourceTree = "<group>"; };
		079833F019BD51AF0000DED9 /* NTAppDelegate.h */ = {isa = PBXFileReference; lastKnownFileType = sourcecode.c.h; path = NTAppDelegate.h; sourceTree = "<group>"; };
		079833F119BD51AF0000DED9 /* NTAppDelegate.m */ = {isa = PBXFileReference; lastKnownFileType = sourcecode.c.objc; path = NTAppDelegate.m; sourceTree = "<group>"; };
		079833F419BD51AF0000DED9 /* Base */ = {isa = PBXFileReference; lastKnownFileType = file.storyboard; name = Base; path = Base.lproj/Main.storyboard; sourceTree = "<group>"; };
		079833F619BD51AF0000DED9 /* NTViewController.h */ = {isa = PBXFileReference; lastKnownFileType = sourcecode.c.h; path = NTViewController.h; sourceTree = "<group>"; };
		079833F719BD51AF0000DED9 /* NTViewController.m */ = {isa = PBXFileReference; lastKnownFileType = sourcecode.c.objc; path = NTViewController.m; sourceTree = "<group>"; };
		079833F919BD51AF0000DED9 /* Images.xcassets */ = {isa = PBXFileReference; lastKnownFileType = folder.assetcatalog; path = Images.xcassets; sourceTree = "<group>"; };
		079833FF19BD51AF0000DED9 /* OnseiTests.xctest */ = {isa = PBXFileReference; explicitFileType = wrapper.cfbundle; includeInIndex = 0; path = OnseiTests.xctest; sourceTree = BUILT_PRODUCTS_DIR; };
		0798340019BD51AF0000DED9 /* XCTest.framework */ = {isa = PBXFileReference; lastKnownFileType = wrapper.framework; name = XCTest.framework; path = Library/Frameworks/XCTest.framework; sourceTree = DEVELOPER_DIR; };
		0798340819BD51AF0000DED9 /* OnseiTests-Info.plist */ = {isa = PBXFileReference; lastKnownFileType = text.plist.xml; path = "OnseiTests-Info.plist"; sourceTree = "<group>"; };
		0798340A19BD51AF0000DED9 /* en */ = {isa = PBXFileReference; lastKnownFileType = text.plist.strings; name = en; path = en.lproj/InfoPlist.strings; sourceTree = "<group>"; };
		0798340C19BD51AF0000DED9 /* OnseiTests.m */ = {isa = PBXFileReference; lastKnownFileType = sourcecode.c.objc; path = OnseiTests.m; sourceTree = "<group>"; };
		0798341619BD553C0000DED9 /* File.txt */ = {isa = PBXFileReference; fileEncoding = 4; lastKnownFileType = text; path = File.txt; sourceTree = "<group>"; };
/* End PBXFileReference section */

/* Begin PBXFrameworksBuildPhase section */
		079833DB19BD51AE0000DED9 /* Frameworks */ = {
			isa = PBXFrameworksBuildPhase;
			buildActionMask = 2147483647;
			files = (
				079833E419BD51AF0000DED9 /* CoreGraphics.framework in Frameworks */,
				079833E619BD51AF0000DED9 /* UIKit.framework in Frameworks */,
				079833E219BD51AF0000DED9 /* Foundation.framework in Frameworks */,
			);
			runOnlyForDeploymentPostprocessing = 0;
		};
		079833FC19BD51AF0000DED9 /* Frameworks */ = {
			isa = PBXFrameworksBuildPhase;
			buildActionMask = 2147483647;
			files = (
				0798340119BD51AF0000DED9 /* XCTest.framework in Frameworks */,
				0798340319BD51AF0000DED9 /* UIKit.framework in Frameworks */,
				0798340219BD51AF0000DED9 /* Foundation.framework in Frameworks */,
			);
			runOnlyForDeploymentPostprocessing = 0;
		};
/* End PBXFrameworksBuildPhase section */

/* Begin PBXGroup section */
		079833D519BD51AE0000DED9 = {
			isa = PBXGroup;
			children = (
				079833E719BD51AF0000DED9 /* Onsei */,
				0798340619BD51AF0000DED9 /* OnseiTests */,
				079833E019BD51AF0000DED9 /* Frameworks */,
				079833DF19BD51AF0000DED9 /* Products */,
			);
			sourceTree = "<group>";
		};
		079833DF19BD51AF0000DED9 /* Products */ = {
			isa = PBXGroup;
			children = (
				079833DE19BD51AF0000DED9 /* Onsei.app */,
				079833FF19BD51AF0000DED9 /* OnseiTests.xctest */,
			);
			name = Products;
			sourceTree = "<group>";
		};
		079833E019BD51AF0000DED9 /* Frameworks */ = {
			isa = PBXGroup;
			children = (
				079833E119BD51AF0000DED9 /* Foundation.framework */,
				079833E319BD51AF0000DED9 /* CoreGraphics.framework */,
				079833E519BD51AF0000DED9 /* UIKit.framework */,
				0798340019BD51AF0000DED9 /* XCTest.framework */,
			);
			name = Frameworks;
			sourceTree = "<group>";
		};
		079833E719BD51AF0000DED9 /* Onsei */ = {
			isa = PBXGroup;
			children = (
				079833F019BD51AF0000DED9 /* NTAppDelegate.h */,
				079833F119BD51AF0000DED9 /* NTAppDelegate.m */,
				079833F319BD51AF0000DED9 /* Main.storyboard */,
				079833F619BD51AF0000DED9 /* NTViewController.h */,
				079833F719BD51AF0000DED9 /* NTViewController.m */,
				079833F919BD51AF0000DED9 /* Images.xcassets */,
				079833E819BD51AF0000DED9 /* Supporting Files */,
				0798341619BD553C0000DED9 /* File.txt */,
			);
			path = Onsei;
			sourceTree = "<group>";
		};
		079833E819BD51AF0000DED9 /* Supporting Files */ = {
			isa = PBXGroup;
			children = (
				079833E919BD51AF0000DED9 /* Onsei-Info.plist */,
				079833EA19BD51AF0000DED9 /* InfoPlist.strings */,
				079833ED19BD51AF0000DED9 /* main.m */,
				079833EF19BD51AF0000DED9 /* Onsei-Prefix.pch */,
			);
			name = "Supporting Files";
			sourceTree = "<group>";
		};
		0798340619BD51AF0000DED9 /* OnseiTests */ = {
			isa = PBXGroup;
			children = (
				0798340C19BD51AF0000DED9 /* OnseiTests.m */,
				0798340719BD51AF0000DED9 /* Supporting Files */,
			);
			path = OnseiTests;
			sourceTree = "<group>";
		};
		0798340719BD51AF0000DED9 /* Supporting Files */ = {
			isa = PBXGroup;
			children = (
				0798340819BD51AF0000DED9 /* OnseiTests-Info.plist */,
				0798340919BD51AF0000DED9 /* InfoPlist.strings */,
			);
			name = "Supporting Files";
			sourceTree = "<group>";
		};
/* End PBXGroup section */

/* Begin PBXNativeTarget section */
		079833DD19BD51AE0000DED9 /* Onsei */ = {
			isa = PBXNativeTarget;
			buildConfigurationList = 0798341019BD51AF0000DED9 /* Build configuration list for PBXNativeTarget "Onsei" */;
			buildPhases = (
				079833DA19BD51AE0000DED9 /* Sources */,
				079833DB19BD51AE0000DED9 /* Frameworks */,
				079833DC19BD51AE0000DED9 /* Resources */,
			);
			buildRules = (
			);
			dependencies = (
			);
			name = Onsei;
			productName = Onsei;
			productReference = 079833DE19BD51AF0000DED9 /* Onsei.app */;
			productType = "com.apple.product-type.application";
		};
		079833FE19BD51AF0000DED9 /* OnseiTests */ = {
			isa = PBXNativeTarget;
			buildConfigurationList = 0798341319BD51AF0000DED9 /* Build configuration list for PBXNativeTarget "OnseiTests" */;
			buildPhases = (
				079833FB19BD51AF0000DED9 /* Sources */,
				079833FC19BD51AF0000DED9 /* Frameworks */,
				079833FD19BD51AF0000DED9 /* Resources */,
			);
			buildRules = (
			);
			dependencies = (
				0798340519BD51AF0000DED9 /* PBXTargetDependency */,
			);
			name = OnseiTests;
			productName = OnseiTests;
			productReference = 079833FF19BD51AF0000DED9 /* OnseiTests.xctest */;
			productType = "com.apple.product-type.bundle.unit-test";
		};
/* End PBXNativeTarget section */

/* Begin PBXProject section */
		079833D619BD51AE0000DED9 /* Project object */ = {
			isa = PBXProject;
			attributes = {
				CLASSPREFIX = NT;
				LastUpgradeCheck = 0510;
				ORGANIZATIONNAME = "ビザンコムマック０９";
				TargetAttributes = {
					079833FE19BD51AF0000DED9 = {
						TestTargetID = 079833DD19BD51AE0000DED9;
					};
				};
			};
			buildConfigurationList = 079833D919BD51AE0000DED9 /* Build configuration list for PBXProject "Onsei" */;
			compatibilityVersion = "Xcode 3.2";
			developmentRegion = English;
			hasScannedForEncodings = 0;
			knownRegions = (
				en,
				Base,
			);
			mainGroup = 079833D519BD51AE0000DED9;
			productRefGroup = 079833DF19BD51AF0000DED9 /* Products */;
			projectDirPath = "";
			projectRoot = "";
			targets = (
				079833DD19BD51AE0000DED9 /* Onsei */,
				079833FE19BD51AF0000DED9 /* OnseiTests */,
			);
		};
/* End PBXProject section */

/* Begin PBXResourcesBuildPhase section */
		079833DC19BD51AE0000DED9 /* Resources */ = {
			isa = PBXResourcesBuildPhase;
			buildActionMask = 2147483647;
			files = (
				0798341719BD553C0000DED9 /* File.txt in Resources */,
				079833FA19BD51AF0000DED9 /* Images.xcassets in Resources */,
				079833EC19BD51AF0000DED9 /* InfoPlist.strings in Resources */,
				079833F519BD51AF0000DED9 /* Main.storyboard in Resources */,
			);
			runOnlyForDeploymentPostprocessing = 0;
		};
		079833FD19BD51AF0000DED9 /* Resources */ = {
			isa = PBXResourcesBuildPhase;
			buildActionMask = 2147483647;
			files = (
				0798340B19BD51AF0000DED9 /* InfoPlist.strings in Resources */,
			);
			runOnlyForDeploymentPostprocessing = 0;
		};
/* End PBXResourcesBuildPhase section */

/* Begin PBXSourcesBuildPhase section */
		079833DA19BD51AE0000DED9 /* Sources */ = {
			isa = PBXSourcesBuildPhase;
			buildActionMask = 2147483647;
			files = (
				079833F819BD51AF0000DED9 /* NTViewController.m in Sources */,
				079833F219BD51AF0000DED9 /* NTAppDelegate.m in Sources */,
				079833EE19BD51AF0000DED9 /* main.m in Sources */,
			);
			runOnlyForDeploymentPostprocessing = 0;
		};
		079833FB19BD51AF0000DED9 /* Sources */ = {
			isa = PBXSourcesBuildPhase;
			buildActionMask = 2147483647;
			files = (
				0798340D19BD51AF0000DED9 /* OnseiTests.m in Sources */,
			);
			runOnlyForDeploymentPostprocessing = 0;
		};
/* End PBXSourcesBuildPhase section */

/* Begin PBXTargetDependency section */
		0798340519BD51AF0000DED9 /* PBXTargetDependency */ = {
			isa = PBXTargetDependency;
			target = 079833DD19BD51AE0000DED9 /* Onsei */;
			targetProxy = 0798340419BD51AF0000DED9 /* PBXContainerItemProxy */;
		};
/* End PBXTargetDependency section */

/* Begin PBXVariantGroup section */
		079833EA19BD51AF0000DED9 /* InfoPlist.strings */ = {
			isa = PBXVariantGroup;
			children = (
				079833EB19BD51AF0000DED9 /* en */,
			);
			name = InfoPlist.strings;
			sourceTree = "<group>";
		};
		079833F319BD51AF0000DED9 /* Main.storyboard */ = {
			isa = PBXVariantGroup;
			children = (
				079833F419BD51AF0000DED9 /* Base */,
			);
			name = Main.storyboard;
			sourceTree = "<group>";
		};
		0798340919BD51AF0000DED9 /* InfoPlist.strings */ = {
			isa = PBXVariantGroup;
			children = (
				0798340A19BD51AF0000DED9 /* en */,
			);
			name = InfoPlist.strings;
			sourceTree = "<group>";
		};
/* End PBXVariantGroup section */

/* Begin XCBuildConfiguration section */
		0798340E19BD51AF0000DED9 /* Debug */ = {
			isa = XCBuildConfiguration;
			buildSettings = {
				ALWAYS_SEARCH_USER_PATHS = NO;
				CLANG_CXX_LANGUAGE_STANDARD = "gnu++0x";
				CLANG_CXX_LIBRARY = "libc++";
				CLANG_ENABLE_MODULES = YES;
				CLANG_ENABLE_OBJC_ARC = YES;
				CLANG_WARN_BOOL_CONVERSION = YES;
				CLANG_WARN_CONSTANT_CONVERSION = YES;
				CLANG_WARN_DIRECT_OBJC_ISA_USAGE = YES_ERROR;
				CLANG_WARN_EMPTY_BODY = YES;
				CLANG_WARN_ENUM_CONVERSION = YES;
				CLANG_WARN_INT_CONVERSION = YES;
				CLANG_WARN_OBJC_ROOT_CLASS = YES_ERROR;
				CLANG_WARN__DUPLICATE_METHOD_MATCH = YES;
				"CODE_SIGN_IDENTITY[sdk=iphoneos*]" = "iPhone Developer";
				COPY_PHASE_STRIP = NO;
				GCC_C_LANGUAGE_STANDARD = gnu99;
				GCC_DYNAMIC_NO_PIC = NO;
				GCC_OPTIMIZATION_LEVEL = 0;
				GCC_PREPROCESSOR_DEFINITIONS = (
					"DEBUG=1",
					"$(inherited)",
				);
				GCC_SYMBOLS_PRIVATE_EXTERN = NO;
				GCC_WARN_64_TO_32_BIT_CONVERSION = YES;
				GCC_WARN_ABOUT_RETURN_TYPE = YES_ERROR;
				GCC_WARN_UNDECLARED_SELECTOR = YES;
				GCC_WARN_UNINITIALIZED_AUTOS = YES_AGGRESSIVE;
				GCC_WARN_UNUSED_FUNCTION = YES;
				GCC_WARN_UNUSED_VARIABLE = YES;
				IPHONEOS_DEPLOYMENT_TARGET = 7.1;
				ONLY_ACTIVE_ARCH = YES;
				SDKROOT = iphoneos;
			};
			name = Debug;
		};
		0798340F19BD51AF0000DED9 /* Release */ = {
			isa = XCBuildConfiguration;
			buildSettings = {
				ALWAYS_SEARCH_USER_PATHS = NO;
				CLANG_CXX_LANGUAGE_STANDARD = "gnu++0x";
				CLANG_CXX_LIBRARY = "libc++";
				CLANG_ENABLE_MODULES = YES;
				CLANG_ENABLE_OBJC_ARC = YES;
				CLANG_WARN_BOOL_CONVERSION = YES;
				CLANG_WARN_CONSTANT_CONVERSION = YES;
				CLANG_WARN_DIRECT_OBJC_ISA_USAGE = YES_ERROR;
				CLANG_WARN_EMPTY_BODY = YES;
				CLANG_WARN_ENUM_CONVERSION = YES;
				CLANG_WARN_INT_CONVERSION = YES;
				CLANG_WARN_OBJC_ROOT_CLASS = YES_ERROR;
				CLANG_WARN__DUPLICATE_METHOD_MATCH = YES;
				"CODE_SIGN_IDENTITY[sdk=iphoneos*]" = "iPhone Developer";
				COPY_PHASE_STRIP = YES;
				ENABLE_NS_ASSERTIONS = NO;
				GCC_C_LANGUAGE_STANDARD = gnu99;
				GCC_WARN_64_TO_32_BIT_CONVERSION = YES;
				GCC_WARN_ABOUT_RETURN_TYPE = YES_ERROR;
				GCC_WARN_UNDECLARED_SELECTOR = YES;
				GCC_WARN_UNINITIALIZED_AUTOS = YES_AGGRESSIVE;
				GCC_WARN_UNUSED_FUNCTION = YES;
				GCC_WARN_UNUSED_VARIABLE = YES;
				IPHONEOS_DEPLOYMENT_TARGET = 7.1;
				SDKROOT = iphoneos;
				VALIDATE_PRODUCT = YES;
			};
			name = Release;
		};
		0798341119BD51AF0000DED9 /* Debug */ = {
			isa = XCBuildConfiguration;
			buildSettings = {
				ASSETCATALOG_COMPILER_APPICON_NAME = AppIcon;
				ASSETCATALOG_COMPILER_LAUNCHIMAGE_NAME = LaunchImage;
				GCC_PRECOMPILE_PREFIX_HEADER = YES;
				GCC_PREFIX_HEADER = "Onsei/Onsei-Prefix.pch";
				INFOPLIST_FILE = "Onsei/Onsei-Info.plist";
				PRODUCT_NAME = "$(TARGET_NAME)";
				WRAPPER_EXTENSION = app;
			};
			name = Debug;
		};
		0798341219BD51AF0000DED9 /* Release */ = {
			isa = XCBuildConfiguration;
			buildSettings = {
				ASSETCATALOG_COMPILER_APPICON_NAME = AppIcon;
				ASSETCATALOG_COMPILER_LAUNCHIMAGE_NAME = LaunchImage;
				GCC_PRECOMPILE_PREFIX_HEADER = YES;
				GCC_PREFIX_HEADER = "Onsei/Onsei-Prefix.pch";
				INFOPLIST_FILE = "Onsei/Onsei-Info.plist";
				PRODUCT_NAME = "$(TARGET_NAME)";
				WRAPPER_EXTENSION = app;
			};
			name = Release;
		};
		0798341419BD51AF0000DED9 /* Debug */ = {
			isa = XCBuildConfiguration;
			buildSettings = {
				BUNDLE_LOADER = "$(BUILT_PRODUCTS_DIR)/Onsei.app/Onsei";
				FRAMEWORK_SEARCH_PATHS = (
					"$(SDKROOT)/Developer/Library/Frameworks",
					"$(inherited)",
					"$(DEVELOPER_FRAMEWORKS_DIR)",
				);
				GCC_PRECOMPILE_PREFIX_HEADER = YES;
				GCC_PREFIX_HEADER = "Onsei/Onsei-Prefix.pch";
				GCC_PREPROCESSOR_DEFINITIONS = (
					"DEBUG=1",
					"$(inherited)",
				);
				INFOPLIST_FILE = "OnseiTests/OnseiTests-Info.plist";
				PRODUCT_NAME = "$(TARGET_NAME)";
				TEST_HOST = "$(BUNDLE_LOADER)";
				WRAPPER_EXTENSION = xctest;
			};
			name = Debug;
		};
		0798341519BD51AF0000DED9 /* Release */ = {
			isa = XCBuildConfiguration;
			buildSettings = {
				BUNDLE_LOADER = "$(BUILT_PRODUCTS_DIR)/Onsei.app/Onsei";
				FRAMEWORK_SEARCH_PATHS = (
					"$(SDKROOT)/Developer/Library/Frameworks",
					"$(inherited)",
					"$(DEVELOPER_FRAMEWORKS_DIR)",
				);
				GCC_PRECOMPILE_PREFIX_HEADER = YES;
				GCC_PREFIX_HEADER = "Onsei/Onsei-Prefix.pch";
				INFOPLIST_FILE = "OnseiTests/OnseiTests-Info.plist";
				PRODUCT_NAME = "$(TARGET_NAME)";
				TEST_HOST = "$(BUNDLE_LOADER)";
				WRAPPER_EXTENSION = xctest;
			};
			name = Release;
		};
/* End XCBuildConfiguration section */

/* Begin XCConfigurationList section */
		079833D919BD51AE0000DED9 /* Build configuration list for PBXProject "Onsei" */ = {
			isa = XCConfigurationList;
			buildConfigurations = (
				0798340E19BD51AF0000DED9 /* Debug */,
				0798340F19BD51AF0000DED9 /* Release */,
			);
			defaultConfigurationIsVisible = 0;
			defaultConfigurationName = Release;
		};
		0798341019BD51AF0000DED9 /* Build configuration list for PBXNativeTarget "Onsei" */ = {
			isa = XCConfigurationList;
			buildConfigurations = (
				0798341119BD51AF0000DED9 /* Debug */,
				0798341219BD51AF0000DED9 /* Release */,
			);
			defaultConfigurationIsVisible = 0;
		};
		0798341319BD51AF0000DED9 /* Build configuration list for PBXNativeTarget "OnseiTests" */ = {
			isa = XCConfigurationList;
			buildConfigurations = (
				0798341419BD51AF0000DED9 /* Debug */,
				0798341519BD51AF0000DED9 /* Release */,
			);
			defaultConfigurationIsVisible = 0;
		};
/* End XCConfigurationList section */
	};
	rootObject = 079833D619BD51AE0000DED9 /* Project object */;
}
